
Microsoft Visual Studio Solution File, Format Version 12.00
# Visual Studio Version 16
VisualStudioVersion = 16.0.29102.190
MinimumVisualStudioVersion = 10.0.40219.1
Project("{FAE04EC0-301F-11D3-BF4B-00C04F79EFBC}") = "PrivateSchoolProject", "PrivateSchoolProject\PrivateSchoolProject.csproj", "{7991C913-7E06-4DD3-9BB7-7C2FDAFEC903}"
EndProject
Global
	GlobalSection(SolutionConfigurationPlatforms) = preSolution
		Debug|Any CPU = Debug|Any CPU
		Release|Any CPU = Release|Any CPU
	EndGlobalSection
	GlobalSection(ProjectConfigurationPlatforms) = postSolution
		{7991C913-7E06-4DD3-9BB7-7C2FDAFEC903}.Debug|Any CPU.ActiveCfg = Debug|Any CPU
		{7991C913-7E06-4DD3-9BB7-7C2FDAFEC903}.Debug|Any CPU.Build.0 = Debug|Any CPU
		{7991C913-7E06-4DD3-9BB7-7C2FDAFEC903}.Release|Any CPU.ActiveCfg = Release|Any CPU
		{7991C913-7E06-4DD3-9BB7-7C2FDAFEC903}.Release|Any CPU.Build.0 = Release|Any CPU
	EndGlobalSection
	GlobalSection(SolutionProperties) = preSolution
		HideSolutionNode = FALSE
	EndGlobalSection
	GlobalSection(ExtensibilityGlobals) = postSolution
		SolutionGuid = {5259ED3D-D323-406F-94E8-81E9244571BA}
	EndGlobalSection
EndGlobal
